
Microsoft Visual Studio Solution File, Format Version 12.00
# Visual Studio 14
VisualStudioVersion = 14.0.25420.1
MinimumVisualStudioVersion = 10.0.40219.1
Project("{8BC9CEB8-8B4A-11D0-8D11-00A0C91BC942}") = "bubblesort", "bubblesort\bubblesort.vcxproj", "{154AA712-183C-44A5-8449-9082003E4AE1}"
EndProject
Project("{8BC9CEB8-8B4A-11D0-8D11-00A0C91BC942}") = "insertion sort", "insertion sort\insertion sort.vcxproj", "{A5734AA4-C1F2-4C96-8635-4A6AAD859498}"
EndProject
Project("{8BC9CEB8-8B4A-11D0-8D11-00A0C91BC942}") = "selection sort", "selection sort\selection sort.vcxproj", "{89AD2A5E-70BA-4E3A-9341-7D072EF37B2D}"
EndProject
Project("{8BC9CEB8-8B4A-11D0-8D11-00A0C91BC942}") = "mergesorting", "mergesorting\mergesorting.vcxproj", "{F8FF34D4-8E0E-4682-B5E2-1A47747ED4DD}"
EndProject
Global
	GlobalSection(SolutionConfigurationPlatforms) = preSolution
		Debug|x64 = Debug|x64
		Debug|x86 = Debug|x86
		Release|x64 = Release|x64
		Release|x86 = Release|x86
	EndGlobalSection
	GlobalSection(ProjectConfigurationPlatforms) = postSolution
		{154AA712-183C-44A5-8449-9082003E4AE1}.Debug|x64.ActiveCfg = Debug|x64
		{154AA712-183C-44A5-8449-9082003E4AE1}.Debug|x64.Build.0 = Debug|x64
		{154AA712-183C-44A5-8449-9082003E4AE1}.Debug|x86.ActiveCfg = Debug|Win32
		{154AA712-183C-44A5-8449-9082003E4AE1}.Debug|x86.Build.0 = Debug|Win32
		{154AA712-183C-44A5-8449-9082003E4AE1}.Release|x64.ActiveCfg = Release|x64
		{154AA712-183C-44A5-8449-9082003E4AE1}.Release|x64.Build.0 = Release|x64
		{154AA712-183C-44A5-8449-9082003E4AE1}.Release|x86.ActiveCfg = Release|Win32
		{154AA712-183C-44A5-8449-9082003E4AE1}.Release|x86.Build.0 = Release|Win32
		{A5734AA4-C1F2-4C96-8635-4A6AAD859498}.Debug|x64.ActiveCfg = Debug|x64
		{A5734AA4-C1F2-4C96-8635-4A6AAD859498}.Debug|x64.Build.0 = Debug|x64
		{A5734AA4-C1F2-4C96-8635-4A6AAD859498}.Debug|x86.ActiveCfg = Debug|Win32
		{A5734AA4-C1F2-4C96-8635-4A6AAD859498}.Debug|x86.Build.0 = Debug|Win32
		{A5734AA4-C1F2-4C96-8635-4A6AAD859498}.Release|x64.ActiveCfg = Release|x64
		{A5734AA4-C1F2-4C96-8635-4A6AAD859498}.Release|x64.Build.0 = Release|x64
		{A5734AA4-C1F2-4C96-8635-4A6AAD859498}.Release|x86.ActiveCfg = Release|Win32
		{A5734AA4-C1F2-4C96-8635-4A6AAD859498}.Release|x86.Build.0 = Release|Win32
		{89AD2A5E-70BA-4E3A-9341-7D072EF37B2D}.Debug|x64.ActiveCfg = Debug|x64
		{89AD2A5E-70BA-4E3A-9341-7D072EF37B2D}.Debug|x64.Build.0 = Debug|x64
		{89AD2A5E-70BA-4E3A-9341-7D072EF37B2D}.Debug|x86.ActiveCfg = Debug|Win32
		{89AD2A5E-70BA-4E3A-9341-7D072EF37B2D}.Debug|x86.Build.0 = Debug|Win32
		{89AD2A5E-70BA-4E3A-9341-7D072EF37B2D}.Release|x64.ActiveCfg = Release|x64
		{89AD2A5E-70BA-4E3A-9341-7D072EF37B2D}.Release|x64.Build.0 = Release|x64
		{89AD2A5E-70BA-4E3A-9341-7D072EF37B2D}.Release|x86.ActiveCfg = Release|Win32
		{89AD2A5E-70BA-4E3A-9341-7D072EF37B2D}.Release|x86.Build.0 = Release|Win32
		{F8FF34D4-8E0E-4682-B5E2-1A47747ED4DD}.Debug|x64.ActiveCfg = Debug|x64
		{F8FF34D4-8E0E-4682-B5E2-1A47747ED4DD}.Debug|x64.Build.0 = Debug|x64
		{F8FF34D4-8E0E-4682-B5E2-1A47747ED4DD}.Debug|x86.ActiveCfg = Debug|Win32
		{F8FF34D4-8E0E-4682-B5E2-1A47747ED4DD}.Debug|x86.Build.0 = Debug|Win32
		{F8FF34D4-8E0E-4682-B5E2-1A47747ED4DD}.Release|x64.ActiveCfg = Release|x64
		{F8FF34D4-8E0E-4682-B5E2-1A47747ED4DD}.Release|x64.Build.0 = Release|x64
		{F8FF34D4-8E0E-4682-B5E2-1A47747ED4DD}.Release|x86.ActiveCfg = Release|Win32
		{F8FF34D4-8E0E-4682-B5E2-1A47747ED4DD}.Release|x86.Build.0 = Release|Win32
	EndGlobalSection
	GlobalSection(SolutionProperties) = preSolution
		HideSolutionNode = FALSE
	EndGlobalSection
EndGlobal
